
Microsoft Visual Studio Solution File, Format Version 12.00
# Visual Studio Version 17
VisualStudioVersion = 17.10.35027.167
MinimumVisualStudioVersion = 10.0.40219.1
Project("{FAE04EC0-301F-11D3-BF4B-00C04F79EFBC}") = "WebApiNet8", "WebApiNet8\WebApiNet8.csproj", "{018CD70D-55AD-440D-9D78-7085E3E203E4}"
EndProject
Global
	GlobalSection(SolutionConfigurationPlatforms) = preSolution
		Debug|Any CPU = Debug|Any CPU
		Release|Any CPU = Release|Any CPU
	EndGlobalSection
	GlobalSection(ProjectConfigurationPlatforms) = postSolution
		{018CD70D-55AD-440D-9D78-7085E3E203E4}.Debug|Any CPU.ActiveCfg = Debug|Any CPU
		{018CD70D-55AD-440D-9D78-7085E3E203E4}.Debug|Any CPU.Build.0 = Debug|Any CPU
		{018CD70D-55AD-440D-9D78-7085E3E203E4}.Release|Any CPU.ActiveCfg = Release|Any CPU
		{018CD70D-55AD-440D-9D78-7085E3E203E4}.Release|Any CPU.Build.0 = Release|Any CPU
	EndGlobalSection
	GlobalSection(SolutionProperties) = preSolution
		HideSolutionNode = FALSE
	EndGlobalSection
	GlobalSection(ExtensibilityGlobals) = postSolution
		SolutionGuid = {C41250FD-C9A9-4DBB-81A6-2AA9B6892773}
	EndGlobalSection
EndGlobal
